// !$*UTF8*$!
{
	archiveVersion = 1;
	classes = {
	};
	objectVersion = 55;
	objects = {

/* Begin PBXBuildFile section */
		C0FA24AC27DCFB550034A116 /* AppDelegate.swift in Sources */ = {isa = PBXBuildFile; fileRef = C0FA24AB27DCFB550034A116 /* AppDelegate.swift */; };
		C0FA24AE27DCFB550034A116 /* SceneDelegate.swift in Sources */ = {isa = PBXBuildFile; fileRef = C0FA24AD27DCFB550034A116 /* SceneDelegate.swift */; };
		C0FA24B027DCFB550034A116 /* ViewController.swift in Sources */ = {isa = PBXBuildFile; fileRef = C0FA24AF27DCFB550034A116 /* ViewController.swift */; };
		C0FA24B327DCFB550034A116 /* Main.storyboard in Resources */ = {isa = PBXBuildFile; fileRef = C0FA24B127DCFB550034A116 /* Main.storyboard */; };
		C0FA24B527DCFB560034A116 /* Assets.xcassets in Resources */ = {isa = PBXBuildFile; fileRef = C0FA24B427DCFB560034A116 /* Assets.xcassets */; };
		C0FA24B827DCFB560034A116 /* LaunchScreen.storyboard in Resources */ = {isa = PBXBuildFile; fileRef = C0FA24B627DCFB560034A116 /* LaunchScreen.storyboard */; };
		C0FA24CA27DCFBB80034A116 /* 6.jpg in Resources */ = {isa = PBXBuildFile; fileRef = C0FA24C027DCFBB80034A116 /* 6.jpg */; };
		C0FA24CB27DCFBB80034A116 /* 4.jpg in Resources */ = {isa = PBXBuildFile; fileRef = C0FA24C127DCFBB80034A116 /* 4.jpg */; };
		C0FA24CC27DCFBB80034A116 /* 7.jpg in Resources */ = {isa = PBXBuildFile; fileRef = C0FA24C227DCFBB80034A116 /* 7.jpg */; };
		C0FA24CD27DCFBB80034A116 /* 2.jpg in Resources */ = {isa = PBXBuildFile; fileRef = C0FA24C327DCFBB80034A116 /* 2.jpg */; };
		C0FA24CE27DCFBB80034A116 /* 10.jpg in Resources */ = {isa = PBXBuildFile; fileRef = C0FA24C427DCFBB80034A116 /* 10.jpg */; };
		C0FA24CF27DCFBB80034A116 /* 1.jpg in Resources */ = {isa = PBXBuildFile; fileRef = C0FA24C527DCFBB80034A116 /* 1.jpg */; };
		C0FA24D027DCFBB80034A116 /* 3.jpg in Resources */ = {isa = PBXBuildFile; fileRef = C0FA24C627DCFBB80034A116 /* 3.jpg */; };
		C0FA24D127DCFBB80034A116 /* 5.jpg in Resources */ = {isa = PBXBuildFile; fileRef = C0FA24C727DCFBB80034A116 /* 5.jpg */; };
		C0FA24D227DCFBB80034A116 /* 9.jpg in Resources */ = {isa = PBXBuildFile; fileRef = C0FA24C827DCFBB80034A116 /* 9.jpg */; };
		C0FA24D327DCFBB80034A116 /* 8.jpg in Resources */ = {isa = PBXBuildFile; fileRef = C0FA24C927DCFBB80034A116 /* 8.jpg */; };
/* End PBXBuildFile section */

/* Begin PBXFileReference section */
		C0FA24A827DCFB550034A116 /* PickerView.app */ = {isa = PBXFileReference; explicitFileType = wrapper.application; includeInIndex = 0; path = PickerView.app; sourceTree = BUILT_PRODUCTS_DIR; };
		C0FA24AB27DCFB550034A116 /* AppDelegate.swift */ = {isa = PBXFileReference; lastKnownFileType = sourcecode.swift; path = AppDelegate.swift; sourceTree = "<group>"; };
		C0FA24AD27DCFB550034A116 /* SceneDelegate.swift */ = {isa = PBXFileReference; lastKnownFileType = sourcecode.swift; path = SceneDelegate.swift; sourceTree = "<group>"; };
		C0FA24AF27DCFB550034A116 /* ViewController.swift */ = {isa = PBXFileReference; lastKnownFileType = sourcecode.swift; path = ViewController.swift; sourceTree = "<group>"; };
		C0FA24B227DCFB550034A116 /* Base */ = {isa = PBXFileReference; lastKnownFileType = file.storyboard; name = Base; path = Base.lproj/Main.storyboard; sourceTree = "<group>"; };
		C0FA24B427DCFB560034A116 /* Assets.xcassets */ = {isa = PBXFileReference; lastKnownFileType = folder.assetcatalog; path = Assets.xcassets; sourceTree = "<group>"; };
		C0FA24B727DCFB560034A116 /* Base */ = {isa = PBXFileReference; lastKnownFileType = file.storyboard; name = Base; path = Base.lproj/LaunchScreen.storyboard; sourceTree = "<group>"; };
		C0FA24B927DCFB560034A116 /* Info.plist */ = {isa = PBXFileReference; lastKnownFileType = text.plist.xml; path = Info.plist; sourceTree = "<group>"; };
		C0FA24C027DCFBB80034A116 /* 6.jpg */ = {isa = PBXFileReference; lastKnownFileType = image.jpeg; path = 6.jpg; sourceTree = "<group>"; };
		C0FA24C127DCFBB80034A116 /* 4.jpg */ = {isa = PBXFileReference; lastKnownFileType = image.jpeg; path = 4.jpg; sourceTree = "<group>"; };
		C0FA24C227DCFBB80034A116 /* 7.jpg */ = {isa = PBXFileReference; lastKnownFileType = image.jpeg; path = 7.jpg; sourceTree = "<group>"; };
		C0FA24C327DCFBB80034A116 /* 2.jpg */ = {isa = PBXFileReference; lastKnownFileType = image.jpeg; path = 2.jpg; sourceTree = "<group>"; };
		C0FA24C427DCFBB80034A116 /* 10.jpg */ = {isa = PBXFileReference; lastKnownFileType = image.jpeg; path = 10.jpg; sourceTree = "<group>"; };
		C0FA24C527DCFBB80034A116 /* 1.jpg */ = {isa = PBXFileReference; lastKnownFileType = image.jpeg; path = 1.jpg; sourceTree = "<group>"; };
		C0FA24C627DCFBB80034A116 /* 3.jpg */ = {isa = PBXFileReference; lastKnownFileType = image.jpeg; path = 3.jpg; sourceTree = "<group>"; };
		C0FA24C727DCFBB80034A116 /* 5.jpg */ = {isa = PBXFileReference; lastKnownFileType = image.jpeg; path = 5.jpg; sourceTree = "<group>"; };
		C0FA24C827DCFBB80034A116 /* 9.jpg */ = {isa = PBXFileReference; lastKnownFileType = image.jpeg; path = 9.jpg; sourceTree = "<group>"; };
		C0FA24C927DCFBB80034A116 /* 8.jpg */ = {isa = PBXFileReference; lastKnownFileType = image.jpeg; path = 8.jpg; sourceTree = "<group>"; };
/* End PBXFileReference section */

/* Begin PBXFrameworksBuildPhase section */
		C0FA24A527DCFB550034A116 /* Frameworks */ = {
			isa = PBXFrameworksBuildPhase;
			buildActionMask = 2147483647;
			files = (
			);
			runOnlyForDeploymentPostprocessing = 0;
		};
/* End PBXFrameworksBuildPhase section */

/* Begin PBXGroup section */
		C0FA249F27DCFB550034A116 = {
			isa = PBXGroup;
			children = (
				C0FA24AA27DCFB550034A116 /* PickerView */,
				C0FA24A927DCFB550034A116 /* Products */,
			);
			sourceTree = "<group>";
		};
		C0FA24A927DCFB550034A116 /* Products */ = {
			isa = PBXGroup;
			children = (
				C0FA24A827DCFB550034A116 /* PickerView.app */,
			);
			name = Products;
			sourceTree = "<group>";
		};
		C0FA24AA27DCFB550034A116 /* PickerView */ = {
			isa = PBXGroup;
			children = (
				C0FA24BF27DCFB7C0034A116 /* images */,
				C0FA24AB27DCFB550034A116 /* AppDelegate.swift */,
				C0FA24AD27DCFB550034A116 /* SceneDelegate.swift */,
				C0FA24AF27DCFB550034A116 /* ViewController.swift */,
				C0FA24B127DCFB550034A116 /* Main.storyboard */,
				C0FA24B427DCFB560034A116 /* Assets.xcassets */,
				C0FA24B627DCFB560034A116 /* LaunchScreen.storyboard */,
				C0FA24B927DCFB560034A116 /* Info.plist */,
			);
			path = PickerView;
			sourceTree = "<group>";
		};
		C0FA24BF27DCFB7C0034A116 /* images */ = {
			isa = PBXGroup;
			children = (
				C0FA24C527DCFBB80034A116 /* 1.jpg */,
				C0FA24C327DCFBB80034A116 /* 2.jpg */,
				C0FA24C627DCFBB80034A116 /* 3.jpg */,
				C0FA24C127DCFBB80034A116 /* 4.jpg */,
				C0FA24C727DCFBB80034A116 /* 5.jpg */,
				C0FA24C027DCFBB80034A116 /* 6.jpg */,
				C0FA24C227DCFBB80034A116 /* 7.jpg */,
				C0FA24C927DCFBB80034A116 /* 8.jpg */,
				C0FA24C827DCFBB80034A116 /* 9.jpg */,
				C0FA24C427DCFBB80034A116 /* 10.jpg */,
			);
			path = images;
			sourceTree = "<group>";
		};
/* End PBXGroup section */

/* Begin PBXNativeTarget section */
		C0FA24A727DCFB550034A116 /* PickerView */ = {
			isa = PBXNativeTarget;
			buildConfigurationList = C0FA24BC27DCFB560034A116 /* Build configuration list for PBXNativeTarget "PickerView" */;
			buildPhases = (
				C0FA24A427DCFB550034A116 /* Sources */,
				C0FA24A527DCFB550034A116 /* Frameworks */,
				C0FA24A627DCFB550034A116 /* Resources */,
			);
			buildRules = (
			);
			dependencies = (
			);
			name = PickerView;
			productName = PickerView;
			productReference = C0FA24A827DCFB550034A116 /* PickerView.app */;
			productType = "com.apple.product-type.application";
		};
/* End PBXNativeTarget section */

/* Begin PBXProject section */
		C0FA24A027DCFB550034A116 /* Project object */ = {
			isa = PBXProject;
			attributes = {
				BuildIndependentTargetsInParallel = 1;
				LastSwiftUpdateCheck = 1320;
				LastUpgradeCheck = 1320;
				TargetAttributes = {
					C0FA24A727DCFB550034A116 = {
						CreatedOnToolsVersion = 13.2.1;
					};
				};
			};
			buildConfigurationList = C0FA24A327DCFB550034A116 /* Build configuration list for PBXProject "PickerView" */;
			compatibilityVersion = "Xcode 13.0";
			developmentRegion = en;
			hasScannedForEncodings = 0;
			knownRegions = (
				en,
				Base,
			);
			mainGroup = C0FA249F27DCFB550034A116;
			productRefGroup = C0FA24A927DCFB550034A116 /* Products */;
			projectDirPath = "";
			projectRoot = "";
			targets = (
				C0FA24A727DCFB550034A116 /* PickerView */,
			);
		};
/* End PBXProject section */

/* Begin PBXResourcesBuildPhase section */
		C0FA24A627DCFB550034A116 /* Resources */ = {
			isa = PBXResourcesBuildPhase;
			buildActionMask = 2147483647;
			files = (
				C0FA24D127DCFBB80034A116 /* 5.jpg in Resources */,
				C0FA24B827DCFB560034A116 /* LaunchScreen.storyboard in Resources */,
				C0FA24B527DCFB560034A116 /* Assets.xcassets in Resources */,
				C0FA24CD27DCFBB80034A116 /* 2.jpg in Resources */,
				C0FA24CA27DCFBB80034A116 /* 6.jpg in Resources */,
				C0FA24D327DCFBB80034A116 /* 8.jpg in Resources */,
				C0FA24CC27DCFBB80034A116 /* 7.jpg in Resources */,
				C0FA24D027DCFBB80034A116 /* 3.jpg in Resources */,
				C0FA24CB27DCFBB80034A116 /* 4.jpg in Resources */,
				C0FA24CF27DCFBB80034A116 /* 1.jpg in Resources */,
				C0FA24D227DCFBB80034A116 /* 9.jpg in Resources */,
				C0FA24CE27DCFBB80034A116 /* 10.jpg in Resources */,
				C0FA24B327DCFB550034A116 /* Main.storyboard in Resources */,
			);
			runOnlyForDeploymentPostprocessing = 0;
		};
/* End PBXResourcesBuildPhase section */

/* Begin PBXSourcesBuildPhase section */
		C0FA24A427DCFB550034A116 /* Sources */ = {
			isa = PBXSourcesBuildPhase;
			buildActionMask = 2147483647;
			files = (
				C0FA24B027DCFB550034A116 /* ViewController.swift in Sources */,
				C0FA24AC27DCFB550034A116 /* AppDelegate.swift in Sources */,
				C0FA24AE27DCFB550034A116 /* SceneDelegate.swift in Sources */,
			);
			runOnlyForDeploymentPostprocessing = 0;
		};
/* End PBXSourcesBuildPhase section */

/* Begin PBXVariantGroup section */
		C0FA24B127DCFB550034A116 /* Main.storyboard */ = {
			isa = PBXVariantGroup;
			children = (
				C0FA24B227DCFB550034A116 /* Base */,
			);
			name = Main.storyboard;
			sourceTree = "<group>";
		};
		C0FA24B627DCFB560034A116 /* LaunchScreen.storyboard */ = {
			isa = PBXVariantGroup;
			children = (
				C0FA24B727DCFB560034A116 /* Base */,
			);
			name = LaunchScreen.storyboard;
			sourceTree = "<group>";
		};
/* End PBXVariantGroup section */

/* Begin XCBuildConfiguration section */
		C0FA24BA27DCFB560034A116 /* Debug */ = {
			isa = XCBuildConfiguration;
			buildSettings = {
				ALWAYS_SEARCH_USER_PATHS = NO;
				CLANG_ANALYZER_NONNULL = YES;
				CLANG_ANALYZER_NUMBER_OBJECT_CONVERSION = YES_AGGRESSIVE;
				CLANG_CXX_LANGUAGE_STANDARD = "gnu++17";
				CLANG_CXX_LIBRARY = "libc++";
				CLANG_ENABLE_MODULES = YES;
				CLANG_ENABLE_OBJC_ARC = YES;
				CLANG_ENABLE_OBJC_WEAK = YES;
				CLANG_WARN_BLOCK_CAPTURE_AUTORELEASING = YES;
				CLANG_WARN_BOOL_CONVERSION = YES;
				CLANG_WARN_COMMA = YES;
				CLANG_WARN_CONSTANT_CONVERSION = YES;
				CLANG_WARN_DEPRECATED_OBJC_IMPLEMENTATIONS = YES;
				CLANG_WARN_DIRECT_OBJC_ISA_USAGE = YES_ERROR;
				CLANG_WARN_DOCUMENTATION_COMMENTS = YES;
				CLANG_WARN_EMPTY_BODY = YES;
				CLANG_WARN_ENUM_CONVERSION = YES;
				CLANG_WARN_INFINITE_RECURSION = YES;
				CLANG_WARN_INT_CONVERSION = YES;
				CLANG_WARN_NON_LITERAL_NULL_CONVERSION = YES;
				CLANG_WARN_OBJC_IMPLICIT_RETAIN_SELF = YES;
				CLANG_WARN_OBJC_LITERAL_CONVERSION = YES;
				CLANG_WARN_OBJC_ROOT_CLASS = YES_ERROR;
				CLANG_WARN_QUOTED_INCLUDE_IN_FRAMEWORK_HEADER = YES;
				CLANG_WARN_RANGE_LOOP_ANALYSIS = YES;
				CLANG_WARN_STRICT_PROTOTYPES = YES;
				CLANG_WARN_SUSPICIOUS_MOVE = YES;
				CLANG_WARN_UNGUARDED_AVAILABILITY = YES_AGGRESSIVE;
				CLANG_WARN_UNREACHABLE_CODE = YES;
				CLANG_WARN__DUPLICATE_METHOD_MATCH = YES;
				COPY_PHASE_STRIP = NO;
				DEBUG_INFORMATION_FORMAT = dwarf;
				ENABLE_STRICT_OBJC_MSGSEND = YES;
				ENABLE_TESTABILITY = YES;
				GCC_C_LANGUAGE_STANDARD = gnu11;
				GCC_DYNAMIC_NO_PIC = NO;
				GCC_NO_COMMON_BLOCKS = YES;
				GCC_OPTIMIZATION_LEVEL = 0;
				GCC_PREPROCESSOR_DEFINITIONS = (
					"DEBUG=1",
					"$(inherited)",
				);
				GCC_WARN_64_TO_32_BIT_CONVERSION = YES;
				GCC_WARN_ABOUT_RETURN_TYPE = YES_ERROR;
				GCC_WARN_UNDECLARED_SELECTOR = YES;
				GCC_WARN_UNINITIALIZED_AUTOS = YES_AGGRESSIVE;
				GCC_WARN_UNUSED_FUNCTION = YES;
				GCC_WARN_UNUSED_VARIABLE = YES;
				IPHONEOS_DEPLOYMENT_TARGET = 15.2;
				MTL_ENABLE_DEBUG_INFO = INCLUDE_SOURCE;
				MTL_FAST_MATH = YES;
				ONLY_ACTIVE_ARCH = YES;
				SDKROOT = iphoneos;
				SWIFT_ACTIVE_COMPILATION_CONDITIONS = DEBUG;
				SWIFT_OPTIMIZATION_LEVEL = "-Onone";
			};
			name = Debug;
		};
		C0FA24BB27DCFB560034A116 /* Release */ = {
			isa = XCBuildConfiguration;
			buildSettings = {
				ALWAYS_SEARCH_USER_PATHS = NO;
				CLANG_ANALYZER_NONNULL = YES;
				CLANG_ANALYZER_NUMBER_OBJECT_CONVERSION = YES_AGGRESSIVE;
				CLANG_CXX_LANGUAGE_STANDARD = "gnu++17";
				CLANG_CXX_LIBRARY = "libc++";
				CLANG_ENABLE_MODULES = YES;
				CLANG_ENABLE_OBJC_ARC = YES;
				CLANG_ENABLE_OBJC_WEAK = YES;
				CLANG_WARN_BLOCK_CAPTURE_AUTORELEASING = YES;
				CLANG_WARN_BOOL_CONVERSION = YES;
				CLANG_WARN_COMMA = YES;
				CLANG_WARN_CONSTANT_CONVERSION = YES;
				CLANG_WARN_DEPRECATED_OBJC_IMPLEMENTATIONS = YES;
				CLANG_WARN_DIRECT_OBJC_ISA_USAGE = YES_ERROR;
				CLANG_WARN_DOCUMENTATION_COMMENTS = YES;
				CLANG_WARN_EMPTY_BODY = YES;
				CLANG_WARN_ENUM_CONVERSION = YES;
				CLANG_WARN_INFINITE_RECURSION = YES;
				CLANG_WARN_INT_CONVERSION = YES;
				CLANG_WARN_NON_LITERAL_NULL_CONVERSION = YES;
				CLANG_WARN_OBJC_IMPLICIT_RETAIN_SELF = YES;
				CLANG_WARN_OBJC_LITERAL_CONVERSION = YES;
				CLANG_WARN_OBJC_ROOT_CLASS = YES_ERROR;
				CLANG_WARN_QUOTED_INCLUDE_IN_FRAMEWORK_HEADER = YES;
				CLANG_WARN_RANGE_LOOP_ANALYSIS = YES;
				CLANG_WARN_STRICT_PROTOTYPES = YES;
				CLANG_WARN_SUSPICIOUS_MOVE = YES;
				CLANG_WARN_UNGUARDED_AVAILABILITY = YES_AGGRESSIVE;
				CLANG_WARN_UNREACHABLE_CODE = YES;
				CLANG_WARN__DUPLICATE_METHOD_MATCH = YES;
				COPY_PHASE_STRIP = NO;
				DEBUG_INFORMATION_FORMAT = "dwarf-with-dsym";
				ENABLE_NS_ASSERTIONS = NO;
				ENABLE_STRICT_OBJC_MSGSEND = YES;
				GCC_C_LANGUAGE_STANDARD = gnu11;
				GCC_NO_COMMON_BLOCKS = YES;
				GCC_WARN_64_TO_32_BIT_CONVERSION = YES;
				GCC_WARN_ABOUT_RETURN_TYPE = YES_ERROR;
				GCC_WARN_UNDECLARED_SELECTOR = YES;
				GCC_WARN_UNINITIALIZED_AUTOS = YES_AGGRESSIVE;
				GCC_WARN_UNUSED_FUNCTION = YES;
				GCC_WARN_UNUSED_VARIABLE = YES;
				IPHONEOS_DEPLOYMENT_TARGET = 15.2;
				MTL_ENABLE_DEBUG_INFO = NO;
				MTL_FAST_MATH = YES;
				SDKROOT = iphoneos;
				SWIFT_COMPILATION_MODE = wholemodule;
				SWIFT_OPTIMIZATION_LEVEL = "-O";
				VALIDATE_PRODUCT = YES;
			};
			name = Release;
		};
		C0FA24BD27DCFB560034A116 /* Debug */ = {
			isa = XCBuildConfiguration;
			buildSettings = {
				ASSETCATALOG_COMPILER_APPICON_NAME = AppIcon;
				ASSETCATALOG_COMPILER_GLOBAL_ACCENT_COLOR_NAME = AccentColor;
				CODE_SIGN_STYLE = Automatic;
				CURRENT_PROJECT_VERSION = 1;
				DEVELOPMENT_TEAM = 72XJ7PW55N;
				GENERATE_INFOPLIST_FILE = YES;
				INFOPLIST_FILE = PickerView/Info.plist;
				INFOPLIST_KEY_UIApplicationSupportsIndirectInputEvents = YES;
				INFOPLIST_KEY_UILaunchStoryboardName = LaunchScreen;
				INFOPLIST_KEY_UIMainStoryboardFile = Main;
				INFOPLIST_KEY_UISupportedInterfaceOrientations_iPad = "UIInterfaceOrientationPortrait UIInterfaceOrientationPortraitUpsideDown UIInterfaceOrientationLandscapeLeft UIInterfaceOrientationLandscapeRight";
				INFOPLIST_KEY_UISupportedInterfaceOrientations_iPhone = "UIInterfaceOrientationPortrait UIInterfaceOrientationLandscapeLeft UIInterfaceOrientationLandscapeRight";
				LD_RUNPATH_SEARCH_PATHS = (
					"$(inherited)",
					"@executable_path/Frameworks",
				);
				MARKETING_VERSION = 1.0;
				PRODUCT_BUNDLE_IDENTIFIER = com.spearmean.PickerView;
				PRODUCT_NAME = "$(TARGET_NAME)";
				SWIFT_EMIT_LOC_STRINGS = YES;
				SWIFT_VERSION = 5.0;
				TARGETED_DEVICE_FAMILY = "1,2";
			};
			name = Debug;
		};
		C0FA24BE27DCFB560034A116 /* Release */ = {
			isa = XCBuildConfiguration;
			buildSettings = {
				ASSETCATALOG_COMPILER_APPICON_NAME = AppIcon;
				ASSETCATALOG_COMPILER_GLOBAL_ACCENT_COLOR_NAME = AccentColor;
				CODE_SIGN_STYLE = Automatic;
				CURRENT_PROJECT_VERSION = 1;
				DEVELOPMENT_TEAM = 72XJ7PW55N;
				GENERATE_INFOPLIST_FILE = YES;
				INFOPLIST_FILE = PickerView/Info.plist;
				INFOPLIST_KEY_UIApplicationSupportsIndirectInputEvents = YES;
				INFOPLIST_KEY_UILaunchStoryboardName = LaunchScreen;
				INFOPLIST_KEY_UIMainStoryboardFile = Main;
				INFOPLIST_KEY_UISupportedInterfaceOrientations_iPad = "UIInterfaceOrientationPortrait UIInterfaceOrientationPortraitUpsideDown UIInterfaceOrientationLandscapeLeft UIInterfaceOrientationLandscapeRight";
				INFOPLIST_KEY_UISupportedInterfaceOrientations_iPhone = "UIInterfaceOrientationPortrait UIInterfaceOrientationLandscapeLeft UIInterfaceOrientationLandscapeRight";
				LD_RUNPATH_SEARCH_PATHS = (
					"$(inherited)",
					"@executable_path/Frameworks",
				);
				MARKETING_VERSION = 1.0;
				PRODUCT_BUNDLE_IDENTIFIER = com.spearmean.PickerView;
				PRODUCT_NAME = "$(TARGET_NAME)";
				SWIFT_EMIT_LOC_STRINGS = YES;
				SWIFT_VERSION = 5.0;
				TARGETED_DEVICE_FAMILY = "1,2";
			};
			name = Release;
		};
/* End XCBuildConfiguration section */

/* Begin XCConfigurationList section */
		C0FA24A327DCFB550034A116 /* Build configuration list for PBXProject "PickerView" */ = {
			isa = XCConfigurationList;
			buildConfigurations = (
				C0FA24BA27DCFB560034A116 /* Debug */,
				C0FA24BB27DCFB560034A116 /* Release */,
			);
			defaultConfigurationIsVisible = 0;
			defaultConfigurationName = Release;
		};
		C0FA24BC27DCFB560034A116 /* Build configuration list for PBXNativeTarget "PickerView" */ = {
			isa = XCConfigurationList;
			buildConfigurations = (
				C0FA24BD27DCFB560034A116 /* Debug */,
				C0FA24BE27DCFB560034A116 /* Release */,
			);
			defaultConfigurationIsVisible = 0;
			defaultConfigurationName = Release;
		};
/* End XCConfigurationList section */
	};
	rootObject = C0FA24A027DCFB550034A116 /* Project object */;
}
